PODS:
  - connectivity_plus (0.0.1):
    - FlutterMacOS
  - CwlCatchException (2.2.1):
    - CwlCatchExceptionSupport (~> 2.2.1)
  - CwlCatchExceptionSupport (2.2.1)
  - file_selector_macos (0.0.1):
    - FlutterMacOS
  - FlutterMacOS (1.0.0)
  - mobile_scanner (5.2.3):
    - FlutterMacOS
  - path_provider_foundation (0.0.1):
    - Flutter
    - FlutterMacOS
  - shared_preferences_foundation (0.0.1):
    - Flutter
    - FlutterMacOS
  - speech_to_text (7.2.0):
    - CwlCatchException
    - Flutter
    - FlutterMacOS
  - sqflite_darwin (0.0.4):
    - Flutter
    - FlutterMacOS
  - window_size (0.0.2):
    - FlutterMacOS

DEPENDENCIES:
  - connectivity_plus (from `Flutter/ephemeral/.symlinks/plugins/connectivity_plus/macos`)
  - file_selector_macos (from `Flutter/ephemeral/.symlinks/plugins/file_selector_macos/macos`)
  - FlutterMacOS (from `Flutter/ephemeral`)
  - mobile_scanner (from `Flutter/ephemeral/.symlinks/plugins/mobile_scanner/macos`)
  - path_provider_foundation (from `Flutter/ephemeral/.symlinks/plugins/path_provider_foundation/darwin`)
  - shared_preferences_foundation (from `Flutter/ephemeral/.symlinks/plugins/shared_preferences_foundation/darwin`)
  - speech_to_text (from `Flutter/ephemeral/.symlinks/plugins/speech_to_text/darwin`)
  - sqflite_darwin (from `Flutter/ephemeral/.symlinks/plugins/sqflite_darwin/darwin`)
  - window_size (from `Flutter/ephemeral/.symlinks/plugins/window_size/macos`)

SPEC REPOS:
  trunk:
    - CwlCatchException
    - CwlCatchExceptionSupport

EXTERNAL SOURCES:
  connectivity_plus:
    :path: Flutter/ephemeral/.symlinks/plugins/connectivity_plus/macos
  file_selector_macos:
    :path: Flutter/ephemeral/.symlinks/plugins/file_selector_macos/macos
  FlutterMacOS:
    :path: Flutter/ephemeral
  mobile_scanner:
    :path: Flutter/ephemeral/.symlinks/plugins/mobile_scanner/macos
  path_provider_foundation:
    :path: Flutter/ephemeral/.symlinks/plugins/path_provider_foundation/darwin
  shared_preferences_foundation:
    :path: Flutter/ephemeral/.symlinks/plugins/shared_preferences_foundation/darwin
  speech_to_text:
    :path: Flutter/ephemeral/.symlinks/plugins/speech_to_text/darwin
  sqflite_darwin:
    :path: Flutter/ephemeral/.symlinks/plugins/sqflite_darwin/darwin
  window_size:
    :path: Flutter/ephemeral/.symlinks/plugins/window_size/macos

SPEC CHECKSUMS:
  connectivity_plus: 4adf20a405e25b42b9c9f87feff8f4b6fde18a4e
  CwlCatchException: 7acc161b299a6de7f0a46a6ed741eae2c8b4d75a
  CwlCatchExceptionSupport: 54ccab8d8c78907b57f99717fb19d4cc3bce02dc
  file_selector_macos: 6280b52b459ae6c590af5d78fc35c7267a3c4b31
  FlutterMacOS: 8f6f14fa908a6fb3fba0cd85dbd81ec4b251fb24
  mobile_scanner: bd1e7cd9b67b442f4d903747f4778e040513f860
  path_provider_foundation: 080d55be775b7414fd5a5ef3ac137b97b097e564
  shared_preferences_foundation: 9e1978ff2562383bd5676f64ec4e9aa8fa06a6f7
  speech_to_text: 3b313d98516d3d0406cea424782ec25470c59d19
  sqflite_darwin: 20b2a3a3b70e43edae938624ce550a3cbf66a3d0
  window_size: 4bd15034e6e3d0720fd77928a7c42e5492cfece9

PODFILE CHECKSUM: 8740a7facdef7bcfd862ef66488363017b3656a7

COCOAPODS: 1.16.2
